
Microsoft Visual Studio Solution File, Format Version 10.00
# Visual Studio 2008
Project("{FAE04EC0-301F-11D3-BF4B-00C04F79EFBC}") = "Gaddzeit.Kata.Domain", "Gaddzeit.Kata.Domain\Gaddzeit.Kata.Domain.csproj", "{C9190C04-1852-4E75-8F8B-AD433FCAB3A6}"
EndProject
Project("{FAE04EC0-301F-11D3-BF4B-00C04F79EFBC}") = "Gaddzeit.Kata.Tests.Unit", "Gaddzeit.Kata.Tests.Unit\Gaddzeit.Kata.Tests.Unit.csproj", "{2654583E-EFAF-4BAE-A54A-F7974B57C5BE}"
EndProject
Global
	GlobalSection(SolutionConfigurationPlatforms) = preSolution
		Debug|Any CPU = Debug|Any CPU
		Release|Any CPU = Release|Any CPU
	EndGlobalSection
	GlobalSection(ProjectConfigurationPlatforms) = postSolution
		{C9190C04-1852-4E75-8F8B-AD433FCAB3A6}.Debug|Any CPU.ActiveCfg = Debug|Any CPU
		{C9190C04-1852-4E75-8F8B-AD433FCAB3A6}.Debug|Any CPU.Build.0 = Debug|Any CPU
		{C9190C04-1852-4E75-8F8B-AD433FCAB3A6}.Release|Any CPU.ActiveCfg = Release|Any CPU
		{C9190C04-1852-4E75-8F8B-AD433FCAB3A6}.Release|Any CPU.Build.0 = Release|Any CPU
		{2654583E-EFAF-4BAE-A54A-F7974B57C5BE}.Debug|Any CPU.ActiveCfg = Debug|Any CPU
		{2654583E-EFAF-4BAE-A54A-F7974B57C5BE}.Debug|Any CPU.Build.0 = Debug|Any CPU
		{2654583E-EFAF-4BAE-A54A-F7974B57C5BE}.Release|Any CPU.ActiveCfg = Release|Any CPU
		{2654583E-EFAF-4BAE-A54A-F7974B57C5BE}.Release|Any CPU.Build.0 = Release|Any CPU
	EndGlobalSection
	GlobalSection(SolutionProperties) = preSolution
		HideSolutionNode = FALSE
	EndGlobalSection
EndGlobal
